
Microsoft Visual Studio Solution File, Format Version 11.00
# Visual Studio 2010
Project("{FAE04EC0-301F-11D3-BF4B-00C04F79EFBC}") = "YetAnotherRelogger", "YetAnotherRelogger\YetAnotherRelogger.csproj", "{08564259-37DE-4F3E-AEAE-3EEB61B5882A}"
EndProject
Project("{FAE04EC0-301F-11D3-BF4B-00C04F79EFBC}") = "YetAnotherRelogger_Plugin", "Plugin\YetAnotherRelogger_Plugin\YetAnotherRelogger_Plugin.csproj", "{9B0A2D02-4BC4-4759-95A6-B3A2AFEB0642}"
EndProject
Global
	GlobalSection(SolutionConfigurationPlatforms) = preSolution
		Debug|Any CPU = Debug|Any CPU
		Debug|Mixed Platforms = Debug|Mixed Platforms
		Debug|x86 = Debug|x86
		Release|Any CPU = Release|Any CPU
		Release|Mixed Platforms = Release|Mixed Platforms
		Release|x86 = Release|x86
	EndGlobalSection
	GlobalSection(ProjectConfigurationPlatforms) = postSolution
		{08564259-37DE-4F3E-AEAE-3EEB61B5882A}.Debug|Any CPU.ActiveCfg = Debug|x86
		{08564259-37DE-4F3E-AEAE-3EEB61B5882A}.Debug|Mixed Platforms.ActiveCfg = Debug|x86
		{08564259-37DE-4F3E-AEAE-3EEB61B5882A}.Debug|Mixed Platforms.Build.0 = Debug|x86
		{08564259-37DE-4F3E-AEAE-3EEB61B5882A}.Debug|x86.ActiveCfg = Debug|x86
		{08564259-37DE-4F3E-AEAE-3EEB61B5882A}.Debug|x86.Build.0 = Debug|x86
		{08564259-37DE-4F3E-AEAE-3EEB61B5882A}.Release|Any CPU.ActiveCfg = Release|x86
		{08564259-37DE-4F3E-AEAE-3EEB61B5882A}.Release|Mixed Platforms.ActiveCfg = Release|x86
		{08564259-37DE-4F3E-AEAE-3EEB61B5882A}.Release|Mixed Platforms.Build.0 = Release|x86
		{08564259-37DE-4F3E-AEAE-3EEB61B5882A}.Release|x86.ActiveCfg = Release|x86
		{08564259-37DE-4F3E-AEAE-3EEB61B5882A}.Release|x86.Build.0 = Release|x86
		{9B0A2D02-4BC4-4759-95A6-B3A2AFEB0642}.Debug|Any CPU.ActiveCfg = Debug|Any CPU
		{9B0A2D02-4BC4-4759-95A6-B3A2AFEB0642}.Debug|Any CPU.Build.0 = Debug|Any CPU
		{9B0A2D02-4BC4-4759-95A6-B3A2AFEB0642}.Debug|Mixed Platforms.ActiveCfg = Debug|Any CPU
		{9B0A2D02-4BC4-4759-95A6-B3A2AFEB0642}.Debug|Mixed Platforms.Build.0 = Debug|Any CPU
		{9B0A2D02-4BC4-4759-95A6-B3A2AFEB0642}.Debug|x86.ActiveCfg = Debug|Any CPU
		{9B0A2D02-4BC4-4759-95A6-B3A2AFEB0642}.Release|Any CPU.ActiveCfg = Release|Any CPU
		{9B0A2D02-4BC4-4759-95A6-B3A2AFEB0642}.Release|Any CPU.Build.0 = Release|Any CPU
		{9B0A2D02-4BC4-4759-95A6-B3A2AFEB0642}.Release|Mixed Platforms.ActiveCfg = Release|Any CPU
		{9B0A2D02-4BC4-4759-95A6-B3A2AFEB0642}.Release|Mixed Platforms.Build.0 = Release|Any CPU
		{9B0A2D02-4BC4-4759-95A6-B3A2AFEB0642}.Release|x86.ActiveCfg = Release|Any CPU
	EndGlobalSection
	GlobalSection(SolutionProperties) = preSolution
		HideSolutionNode = FALSE
	EndGlobalSection
EndGlobal
